// !$*UTF8*$!
{
	archiveVersion = 1;
	classes = {
	};
	objectVersion = 56;
	objects = {

/* Begin PBXBuildFile section */
		9103E3F228BDACCC0011F3E8 /* Sqlite.swift in Sources */ = {isa = PBXBuildFile; fileRef = 9103E3F128BDACCC0011F3E8 /* Sqlite.swift */; };
		9103E3F528BDB0AB0011F3E8 /* SQLite in Frameworks */ = {isa = PBXBuildFile; productRef = 9103E3F428BDB0AB0011F3E8 /* SQLite */; };
		9103E3F728BDBDCF0011F3E8 /* FoodDB.sqlite3 in Resources */ = {isa = PBXBuildFile; fileRef = 9103E3F628BDBDCF0011F3E8 /* FoodDB.sqlite3 */; };
		9103E3F928BDD7620011F3E8 /* FoodCategoryClassfier.mlpackage in Sources */ = {isa = PBXBuildFile; fileRef = 9103E3F828BDD7620011F3E8 /* FoodCategoryClassfier.mlpackage */; };
		911A0B4128BEFB2A007AC11E /* TextProcessing.swift in Sources */ = {isa = PBXBuildFile; fileRef = 911A0B4028BEFB2A007AC11E /* TextProcessing.swift */; };
		912AD21128C03AAC009525A5 /* FoodData.swift in Sources */ = {isa = PBXBuildFile; fileRef = 912AD21028C03AAC009525A5 /* FoodData.swift */; };
		915CE6C228B73AFA0009CBD6 /* AppDelegate.swift in Sources */ = {isa = PBXBuildFile; fileRef = 915CE6C128B73AFA0009CBD6 /* AppDelegate.swift */; };
		915CE6C428B73AFA0009CBD6 /* SceneDelegate.swift in Sources */ = {isa = PBXBuildFile; fileRef = 915CE6C328B73AFA0009CBD6 /* SceneDelegate.swift */; };
		915CE6C628B73AFA0009CBD6 /* ViewController.swift in Sources */ = {isa = PBXBuildFile; fileRef = 915CE6C528B73AFA0009CBD6 /* ViewController.swift */; };
		915CE6C928B73AFA0009CBD6 /* Main.storyboard in Resources */ = {isa = PBXBuildFile; fileRef = 915CE6C728B73AFA0009CBD6 /* Main.storyboard */; };
		915CE6CB28B73AFB0009CBD6 /* Assets.xcassets in Resources */ = {isa = PBXBuildFile; fileRef = 915CE6CA28B73AFB0009CBD6 /* Assets.xcassets */; };
		915CE6CE28B73AFB0009CBD6 /* LaunchScreen.storyboard in Resources */ = {isa = PBXBuildFile; fileRef = 915CE6CC28B73AFB0009CBD6 /* LaunchScreen.storyboard */; };
/* End PBXBuildFile section */

/* Begin PBXFileReference section */
		9103E3F128BDACCC0011F3E8 /* Sqlite.swift */ = {isa = PBXFileReference; lastKnownFileType = sourcecode.swift; path = Sqlite.swift; sourceTree = "<group>"; };
		9103E3F628BDBDCF0011F3E8 /* FoodDB.sqlite3 */ = {isa = PBXFileReference; lastKnownFileType = file; path = FoodDB.sqlite3; sourceTree = "<group>"; };
		9103E3F828BDD7620011F3E8 /* FoodCategoryClassfier.mlpackage */ = {isa = PBXFileReference; lastKnownFileType = folder.mlpackage; path = FoodCategoryClassfier.mlpackage; sourceTree = "<group>"; };
		911A0B4028BEFB2A007AC11E /* TextProcessing.swift */ = {isa = PBXFileReference; lastKnownFileType = sourcecode.swift; path = TextProcessing.swift; sourceTree = "<group>"; };
		912AD21028C03AAC009525A5 /* FoodData.swift */ = {isa = PBXFileReference; lastKnownFileType = sourcecode.swift; path = FoodData.swift; sourceTree = "<group>"; };
		915CE6BE28B73AFA0009CBD6 /* Menutrition.app */ = {isa = PBXFileReference; explicitFileType = wrapper.application; includeInIndex = 0; path = Menutrition.app; sourceTree = BUILT_PRODUCTS_DIR; };
		915CE6C128B73AFA0009CBD6 /* AppDelegate.swift */ = {isa = PBXFileReference; lastKnownFileType = sourcecode.swift; path = AppDelegate.swift; sourceTree = "<group>"; };
		915CE6C328B73AFA0009CBD6 /* SceneDelegate.swift */ = {isa = PBXFileReference; lastKnownFileType = sourcecode.swift; path = SceneDelegate.swift; sourceTree = "<group>"; };
		915CE6C528B73AFA0009CBD6 /* ViewController.swift */ = {isa = PBXFileReference; lastKnownFileType = sourcecode.swift; path = ViewController.swift; sourceTree = "<group>"; };
		915CE6C828B73AFA0009CBD6 /* Base */ = {isa = PBXFileReference; lastKnownFileType = file.storyboard; name = Base; path = Base.lproj/Main.storyboard; sourceTree = "<group>"; };
		915CE6CA28B73AFB0009CBD6 /* Assets.xcassets */ = {isa = PBXFileReference; lastKnownFileType = folder.assetcatalog; path = Assets.xcassets; sourceTree = "<group>"; };
		915CE6CD28B73AFB0009CBD6 /* Base */ = {isa = PBXFileReference; lastKnownFileType = file.storyboard; name = Base; path = Base.lproj/LaunchScreen.storyboard; sourceTree = "<group>"; };
		915CE6CF28B73AFB0009CBD6 /* Info.plist */ = {isa = PBXFileReference; lastKnownFileType = text.plist.xml; path = Info.plist; sourceTree = "<group>"; };
/* End PBXFileReference section */

/* Begin PBXFrameworksBuildPhase section */
		915CE6BB28B73AFA0009CBD6 /* Frameworks */ = {
			isa = PBXFrameworksBuildPhase;
			buildActionMask = 2147483647;
			files = (
				9103E3F528BDB0AB0011F3E8 /* SQLite in Frameworks */,
			);
			runOnlyForDeploymentPostprocessing = 0;
		};
/* End PBXFrameworksBuildPhase section */

/* Begin PBXGroup section */
		915CE6B528B73AFA0009CBD6 = {
			isa = PBXGroup;
			children = (
				915CE6C028B73AFA0009CBD6 /* Menutrition */,
				915CE6BF28B73AFA0009CBD6 /* Products */,
			);
			sourceTree = "<group>";
		};
		915CE6BF28B73AFA0009CBD6 /* Products */ = {
			isa = PBXGroup;
			children = (
				915CE6BE28B73AFA0009CBD6 /* Menutrition.app */,
			);
			name = Products;
			sourceTree = "<group>";
		};
		915CE6C028B73AFA0009CBD6 /* Menutrition */ = {
			isa = PBXGroup;
			children = (
				9103E3F828BDD7620011F3E8 /* FoodCategoryClassfier.mlpackage */,
				9103E3F128BDACCC0011F3E8 /* Sqlite.swift */,
				911A0B4028BEFB2A007AC11E /* TextProcessing.swift */,
				915CE6C128B73AFA0009CBD6 /* AppDelegate.swift */,
				915CE6C328B73AFA0009CBD6 /* SceneDelegate.swift */,
				915CE6C528B73AFA0009CBD6 /* ViewController.swift */,
				912AD21028C03AAC009525A5 /* FoodData.swift */,
				915CE6C728B73AFA0009CBD6 /* Main.storyboard */,
				915CE6CA28B73AFB0009CBD6 /* Assets.xcassets */,
				915CE6CC28B73AFB0009CBD6 /* LaunchScreen.storyboard */,
				915CE6CF28B73AFB0009CBD6 /* Info.plist */,
				9103E3F628BDBDCF0011F3E8 /* FoodDB.sqlite3 */,
			);
			path = Menutrition;
			sourceTree = "<group>";
		};
/* End PBXGroup section */

/* Begin PBXNativeTarget section */
		915CE6BD28B73AFA0009CBD6 /* Menutrition */ = {
			isa = PBXNativeTarget;
			buildConfigurationList = 915CE6D228B73AFB0009CBD6 /* Build configuration list for PBXNativeTarget "Menutrition" */;
			buildPhases = (
				915CE6BA28B73AFA0009CBD6 /* Sources */,
				915CE6BB28B73AFA0009CBD6 /* Frameworks */,
				915CE6BC28B73AFA0009CBD6 /* Resources */,
			);
			buildRules = (
			);
			dependencies = (
			);
			name = Menutrition;
			packageProductDependencies = (
				9103E3F428BDB0AB0011F3E8 /* SQLite */,
			);
			productName = Menutrition;
			productReference = 915CE6BE28B73AFA0009CBD6 /* Menutrition.app */;
			productType = "com.apple.product-type.application";
		};
/* End PBXNativeTarget section */

/* Begin PBXProject section */
		915CE6B628B73AFA0009CBD6 /* Project object */ = {
			isa = PBXProject;
			attributes = {
				BuildIndependentTargetsInParallel = 1;
				LastSwiftUpdateCheck = 1400;
				LastUpgradeCheck = 1400;
				TargetAttributes = {
					915CE6BD28B73AFA0009CBD6 = {
						CreatedOnToolsVersion = 14.0;
					};
				};
			};
			buildConfigurationList = 915CE6B928B73AFA0009CBD6 /* Build configuration list for PBXProject "Menutrition" */;
			compatibilityVersion = "Xcode 14.0";
			developmentRegion = en;
			hasScannedForEncodings = 0;
			knownRegions = (
				en,
				Base,
			);
			mainGroup = 915CE6B528B73AFA0009CBD6;
			packageReferences = (
				9103E3F328BDB0AB0011F3E8 /* XCRemoteSwiftPackageReference "SQLite.swift" */,
			);
			productRefGroup = 915CE6BF28B73AFA0009CBD6 /* Products */;
			projectDirPath = "";
			projectRoot = "";
			targets = (
				915CE6BD28B73AFA0009CBD6 /* Menutrition */,
			);
		};
/* End PBXProject section */

/* Begin PBXResourcesBuildPhase section */
		915CE6BC28B73AFA0009CBD6 /* Resources */ = {
			isa = PBXResourcesBuildPhase;
			buildActionMask = 2147483647;
			files = (
				915CE6CE28B73AFB0009CBD6 /* LaunchScreen.storyboard in Resources */,
				915CE6CB28B73AFB0009CBD6 /* Assets.xcassets in Resources */,
				9103E3F728BDBDCF0011F3E8 /* FoodDB.sqlite3 in Resources */,
				915CE6C928B73AFA0009CBD6 /* Main.storyboard in Resources */,
			);
			runOnlyForDeploymentPostprocessing = 0;
		};
/* End PBXResourcesBuildPhase section */

/* Begin PBXSourcesBuildPhase section */
		915CE6BA28B73AFA0009CBD6 /* Sources */ = {
			isa = PBXSourcesBuildPhase;
			buildActionMask = 2147483647;
			files = (
				912AD21128C03AAC009525A5 /* FoodData.swift in Sources */,
				915CE6C628B73AFA0009CBD6 /* ViewController.swift in Sources */,
				915CE6C228B73AFA0009CBD6 /* AppDelegate.swift in Sources */,
				9103E3F228BDACCC0011F3E8 /* Sqlite.swift in Sources */,
				9103E3F928BDD7620011F3E8 /* FoodCategoryClassfier.mlpackage in Sources */,
				915CE6C428B73AFA0009CBD6 /* SceneDelegate.swift in Sources */,
				911A0B4128BEFB2A007AC11E /* TextProcessing.swift in Sources */,
			);
			runOnlyForDeploymentPostprocessing = 0;
		};
/* End PBXSourcesBuildPhase section */

/* Begin PBXVariantGroup section */
		915CE6C728B73AFA0009CBD6 /* Main.storyboard */ = {
			isa = PBXVariantGroup;
			children = (
				915CE6C828B73AFA0009CBD6 /* Base */,
			);
			name = Main.storyboard;
			sourceTree = "<group>";
		};
		915CE6CC28B73AFB0009CBD6 /* LaunchScreen.storyboard */ = {
			isa = PBXVariantGroup;
			children = (
				915CE6CD28B73AFB0009CBD6 /* Base */,
			);
			name = LaunchScreen.storyboard;
			sourceTree = "<group>";
		};
/* End PBXVariantGroup section */

/* Begin XCBuildConfiguration section */
		915CE6D028B73AFB0009CBD6 /* Debug */ = {
			isa = XCBuildConfiguration;
			buildSettings = {
				ALWAYS_SEARCH_USER_PATHS = NO;
				CLANG_ANALYZER_NONNULL = YES;
				CLANG_ANALYZER_NUMBER_OBJECT_CONVERSION = YES_AGGRESSIVE;
				CLANG_CXX_LANGUAGE_STANDARD = "gnu++20";
				CLANG_ENABLE_MODULES = YES;
				CLANG_ENABLE_OBJC_ARC = YES;
				CLANG_ENABLE_OBJC_WEAK = YES;
				CLANG_WARN_BLOCK_CAPTURE_AUTORELEASING = YES;
				CLANG_WARN_BOOL_CONVERSION = YES;
				CLANG_WARN_COMMA = YES;
				CLANG_WARN_CONSTANT_CONVERSION = YES;
				CLANG_WARN_DEPRECATED_OBJC_IMPLEMENTATIONS = YES;
				CLANG_WARN_DIRECT_OBJC_ISA_USAGE = YES_ERROR;
				CLANG_WARN_DOCUMENTATION_COMMENTS = YES;
				CLANG_WARN_EMPTY_BODY = YES;
				CLANG_WARN_ENUM_CONVERSION = YES;
				CLANG_WARN_INFINITE_RECURSION = YES;
				CLANG_WARN_INT_CONVERSION = YES;
				CLANG_WARN_NON_LITERAL_NULL_CONVERSION = YES;
				CLANG_WARN_OBJC_IMPLICIT_RETAIN_SELF = YES;
				CLANG_WARN_OBJC_LITERAL_CONVERSION = YES;
				CLANG_WARN_OBJC_ROOT_CLASS = YES_ERROR;
				CLANG_WARN_QUOTED_INCLUDE_IN_FRAMEWORK_HEADER = YES;
				CLANG_WARN_RANGE_LOOP_ANALYSIS = YES;
				CLANG_WARN_STRICT_PROTOTYPES = YES;
				CLANG_WARN_SUSPICIOUS_MOVE = YES;
				CLANG_WARN_UNGUARDED_AVAILABILITY = YES_AGGRESSIVE;
				CLANG_WARN_UNREACHABLE_CODE = YES;
				CLANG_WARN__DUPLICATE_METHOD_MATCH = YES;
				COPY_PHASE_STRIP = NO;
				DEBUG_INFORMATION_FORMAT = dwarf;
				ENABLE_STRICT_OBJC_MSGSEND = YES;
				ENABLE_TESTABILITY = YES;
				GCC_C_LANGUAGE_STANDARD = gnu11;
				GCC_DYNAMIC_NO_PIC = NO;
				GCC_NO_COMMON_BLOCKS = YES;
				GCC_OPTIMIZATION_LEVEL = 0;
				GCC_PREPROCESSOR_DEFINITIONS = (
					"DEBUG=1",
					"$(inherited)",
				);
				GCC_WARN_64_TO_32_BIT_CONVERSION = YES;
				GCC_WARN_ABOUT_RETURN_TYPE = YES_ERROR;
				GCC_WARN_UNDECLARED_SELECTOR = YES;
				GCC_WARN_UNINITIALIZED_AUTOS = YES_AGGRESSIVE;
				GCC_WARN_UNUSED_FUNCTION = YES;
				GCC_WARN_UNUSED_VARIABLE = YES;
				IPHONEOS_DEPLOYMENT_TARGET = 16.0;
				MTL_ENABLE_DEBUG_INFO = INCLUDE_SOURCE;
				MTL_FAST_MATH = YES;
				ONLY_ACTIVE_ARCH = YES;
				SDKROOT = iphoneos;
				SWIFT_ACTIVE_COMPILATION_CONDITIONS = DEBUG;
				SWIFT_OPTIMIZATION_LEVEL = "-Onone";
			};
			name = Debug;
		};
		915CE6D128B73AFB0009CBD6 /* Release */ = {
			isa = XCBuildConfiguration;
			buildSettings = {
				ALWAYS_SEARCH_USER_PATHS = NO;
				CLANG_ANALYZER_NONNULL = YES;
				CLANG_ANALYZER_NUMBER_OBJECT_CONVERSION = YES_AGGRESSIVE;
				CLANG_CXX_LANGUAGE_STANDARD = "gnu++20";
				CLANG_ENABLE_MODULES = YES;
				CLANG_ENABLE_OBJC_ARC = YES;
				CLANG_ENABLE_OBJC_WEAK = YES;
				CLANG_WARN_BLOCK_CAPTURE_AUTORELEASING = YES;
				CLANG_WARN_BOOL_CONVERSION = YES;
				CLANG_WARN_COMMA = YES;
				CLANG_WARN_CONSTANT_CONVERSION = YES;
				CLANG_WARN_DEPRECATED_OBJC_IMPLEMENTATIONS = YES;
				CLANG_WARN_DIRECT_OBJC_ISA_USAGE = YES_ERROR;
				CLANG_WARN_DOCUMENTATION_COMMENTS = YES;
				CLANG_WARN_EMPTY_BODY = YES;
				CLANG_WARN_ENUM_CONVERSION = YES;
				CLANG_WARN_INFINITE_RECURSION = YES;
				CLANG_WARN_INT_CONVERSION = YES;
				CLANG_WARN_NON_LITERAL_NULL_CONVERSION = YES;
				CLANG_WARN_OBJC_IMPLICIT_RETAIN_SELF = YES;
				CLANG_WARN_OBJC_LITERAL_CONVERSION = YES;
				CLANG_WARN_OBJC_ROOT_CLASS = YES_ERROR;
				CLANG_WARN_QUOTED_INCLUDE_IN_FRAMEWORK_HEADER = YES;
				CLANG_WARN_RANGE_LOOP_ANALYSIS = YES;
				CLANG_WARN_STRICT_PROTOTYPES = YES;
				CLANG_WARN_SUSPICIOUS_MOVE = YES;
				CLANG_WARN_UNGUARDED_AVAILABILITY = YES_AGGRESSIVE;
				CLANG_WARN_UNREACHABLE_CODE = YES;
				CLANG_WARN__DUPLICATE_METHOD_MATCH = YES;
				COPY_PHASE_STRIP = NO;
				DEBUG_INFORMATION_FORMAT = "dwarf-with-dsym";
				ENABLE_NS_ASSERTIONS = NO;
				ENABLE_STRICT_OBJC_MSGSEND = YES;
				GCC_C_LANGUAGE_STANDARD = gnu11;
				GCC_NO_COMMON_BLOCKS = YES;
				GCC_WARN_64_TO_32_BIT_CONVERSION = YES;
				GCC_WARN_ABOUT_RETURN_TYPE = YES_ERROR;
				GCC_WARN_UNDECLARED_SELECTOR = YES;
				GCC_WARN_UNINITIALIZED_AUTOS = YES_AGGRESSIVE;
				GCC_WARN_UNUSED_FUNCTION = YES;
				GCC_WARN_UNUSED_VARIABLE = YES;
				IPHONEOS_DEPLOYMENT_TARGET = 16.0;
				MTL_ENABLE_DEBUG_INFO = NO;
				MTL_FAST_MATH = YES;
				SDKROOT = iphoneos;
				SWIFT_COMPILATION_MODE = wholemodule;
				SWIFT_OPTIMIZATION_LEVEL = "-O";
				VALIDATE_PRODUCT = YES;
			};
			name = Release;
		};
		915CE6D328B73AFB0009CBD6 /* Debug */ = {
			isa = XCBuildConfiguration;
			buildSettings = {
				ASSETCATALOG_COMPILER_APPICON_NAME = AppIcon;
				ASSETCATALOG_COMPILER_GLOBAL_ACCENT_COLOR_NAME = AccentColor;
				CODE_SIGN_STYLE = Automatic;
				CURRENT_PROJECT_VERSION = 1;
				DEVELOPMENT_TEAM = 54QH6LCWDM;
				GENERATE_INFOPLIST_FILE = YES;
				INFOPLIST_FILE = Menutrition/Info.plist;
				INFOPLIST_KEY_NSCameraUsageDescription = "Your camera is used to scan text";
				INFOPLIST_KEY_UIApplicationSupportsIndirectInputEvents = YES;
				INFOPLIST_KEY_UILaunchStoryboardName = LaunchScreen;
				INFOPLIST_KEY_UIMainStoryboardFile = Main;
				INFOPLIST_KEY_UISupportedInterfaceOrientations_iPad = "UIInterfaceOrientationPortrait UIInterfaceOrientationPortraitUpsideDown UIInterfaceOrientationLandscapeLeft UIInterfaceOrientationLandscapeRight";
				INFOPLIST_KEY_UISupportedInterfaceOrientations_iPhone = "UIInterfaceOrientationPortrait UIInterfaceOrientationLandscapeLeft UIInterfaceOrientationLandscapeRight";
				LD_RUNPATH_SEARCH_PATHS = (
					"$(inherited)",
					"@executable_path/Frameworks",
				);
				MARKETING_VERSION = 1.0;
				PRODUCT_BUNDLE_IDENTIFIER = goban.Menutrition;
				PRODUCT_NAME = "$(TARGET_NAME)";
				SWIFT_EMIT_LOC_STRINGS = YES;
				SWIFT_VERSION = 5.0;
				TARGETED_DEVICE_FAMILY = "1,2";
			};
			name = Debug;
		};
		915CE6D428B73AFB0009CBD6 /* Release */ = {
			isa = XCBuildConfiguration;
			buildSettings = {
				ASSETCATALOG_COMPILER_APPICON_NAME = AppIcon;
				ASSETCATALOG_COMPILER_GLOBAL_ACCENT_COLOR_NAME = AccentColor;
				CODE_SIGN_STYLE = Automatic;
				CURRENT_PROJECT_VERSION = 1;
				DEVELOPMENT_TEAM = 54QH6LCWDM;
				GENERATE_INFOPLIST_FILE = YES;
				INFOPLIST_FILE = Menutrition/Info.plist;
				INFOPLIST_KEY_NSCameraUsageDescription = "Your camera is used to scan text";
				INFOPLIST_KEY_UIApplicationSupportsIndirectInputEvents = YES;
				INFOPLIST_KEY_UILaunchStoryboardName = LaunchScreen;
				INFOPLIST_KEY_UIMainStoryboardFile = Main;
				INFOPLIST_KEY_UISupportedInterfaceOrientations_iPad = "UIInterfaceOrientationPortrait UIInterfaceOrientationPortraitUpsideDown UIInterfaceOrientationLandscapeLeft UIInterfaceOrientationLandscapeRight";
				INFOPLIST_KEY_UISupportedInterfaceOrientations_iPhone = "UIInterfaceOrientationPortrait UIInterfaceOrientationLandscapeLeft UIInterfaceOrientationLandscapeRight";
				LD_RUNPATH_SEARCH_PATHS = (
					"$(inherited)",
					"@executable_path/Frameworks",
				);
				MARKETING_VERSION = 1.0;
				PRODUCT_BUNDLE_IDENTIFIER = goban.Menutrition;
				PRODUCT_NAME = "$(TARGET_NAME)";
				SWIFT_EMIT_LOC_STRINGS = YES;
				SWIFT_VERSION = 5.0;
				TARGETED_DEVICE_FAMILY = "1,2";
			};
			name = Release;
		};
/* End XCBuildConfiguration section */

/* Begin XCConfigurationList section */
		915CE6B928B73AFA0009CBD6 /* Build configuration list for PBXProject "Menutrition" */ = {
			isa = XCConfigurationList;
			buildConfigurations = (
				915CE6D028B73AFB0009CBD6 /* Debug */,
				915CE6D128B73AFB0009CBD6 /* Release */,
			);
			defaultConfigurationIsVisible = 0;
			defaultConfigurationName = Release;
		};
		915CE6D228B73AFB0009CBD6 /* Build configuration list for PBXNativeTarget "Menutrition" */ = {
			isa = XCConfigurationList;
			buildConfigurations = (
				915CE6D328B73AFB0009CBD6 /* Debug */,
				915CE6D428B73AFB0009CBD6 /* Release */,
			);
			defaultConfigurationIsVisible = 0;
			defaultConfigurationName = Release;
		};
/* End XCConfigurationList section */

/* Begin XCRemoteSwiftPackageReference section */
		9103E3F328BDB0AB0011F3E8 /* XCRemoteSwiftPackageReference "SQLite.swift" */ = {
			isa = XCRemoteSwiftPackageReference;
			repositoryURL = "https://github.com/stephencelis/SQLite.swift.git";
			requirement = {
				kind = upToNextMajorVersion;
				minimumVersion = 0.9.2;
			};
		};
/* End XCRemoteSwiftPackageReference section */

/* Begin XCSwiftPackageProductDependency section */
		9103E3F428BDB0AB0011F3E8 /* SQLite */ = {
			isa = XCSwiftPackageProductDependency;
			package = 9103E3F328BDB0AB0011F3E8 /* XCRemoteSwiftPackageReference "SQLite.swift" */;
			productName = SQLite;
		};
/* End XCSwiftPackageProductDependency section */
	};
	rootObject = 915CE6B628B73AFA0009CBD6 /* Project object */;
}
